
Microsoft Visual Studio Solution File, Format Version 12.00
# Visual Studio Version 17
VisualStudioVersion = 17.3.32811.315
MinimumVisualStudioVersion = 10.0.40219.1
Project("{FAE04EC0-301F-11D3-BF4B-00C04F79EFBC}") = "Uppgift6_3", "Uppgift6_3\Uppgift6_3.csproj", "{0C7D0C4F-3605-4FCB-B08E-9B3C6AA6E8B7}"
EndProject
Global
	GlobalSection(SolutionConfigurationPlatforms) = preSolution
		Debug|Any CPU = Debug|Any CPU
		Release|Any CPU = Release|Any CPU
	EndGlobalSection
	GlobalSection(ProjectConfigurationPlatforms) = postSolution
		{0C7D0C4F-3605-4FCB-B08E-9B3C6AA6E8B7}.Debug|Any CPU.ActiveCfg = Debug|Any CPU
		{0C7D0C4F-3605-4FCB-B08E-9B3C6AA6E8B7}.Debug|Any CPU.Build.0 = Debug|Any CPU
		{0C7D0C4F-3605-4FCB-B08E-9B3C6AA6E8B7}.Release|Any CPU.ActiveCfg = Release|Any CPU
		{0C7D0C4F-3605-4FCB-B08E-9B3C6AA6E8B7}.Release|Any CPU.Build.0 = Release|Any CPU
	EndGlobalSection
	GlobalSection(SolutionProperties) = preSolution
		HideSolutionNode = FALSE
	EndGlobalSection
	GlobalSection(ExtensibilityGlobals) = postSolution
		SolutionGuid = {820BDB21-5C7A-494C-91F3-EA1FA0973C22}
	EndGlobalSection
EndGlobal
